
Microsoft Visual Studio Solution File, Format Version 12.00
# Visual Studio Version 16
VisualStudioVersion = 16.0.30114.105
MinimumVisualStudioVersion = 10.0.40219.1
Project("{FAE04EC0-301F-11D3-BF4B-00C04F79EFBC}") = "RangeRover", "src\RangeRover\RangeRover.csproj", "{9FE46D00-2F72-4E92-9A1F-7AF8B464BAB3}"
EndProject
Project("{2150E333-8FDC-42A3-9474-1A3956D46DE8}") = "Soluition Items", "Soluition Items", "{730B7317-BA5F-4F30-AC74-5FDC25FD4202}"
ProjectSection(SolutionItems) = preProject
	.editorconfig = .editorconfig
	ca.ruleset = ca.ruleset
	LICENSE = LICENSE
	README.md = README.md
EndProjectSection
EndProject
Project("{FAE04EC0-301F-11D3-BF4B-00C04F79EFBC}") = "RangeRover.Tests", "tests\RangeRover.Tests\RangeRover.Tests.csproj", "{57ED4DA9-753D-4281-9B60-B1806EA5A1BD}"
EndProject
Global
	GlobalSection(SolutionConfigurationPlatforms) = preSolution
		Debug|Any CPU = Debug|Any CPU
		Debug|x64 = Debug|x64
		Debug|x86 = Debug|x86
		Release|Any CPU = Release|Any CPU
		Release|x64 = Release|x64
		Release|x86 = Release|x86
	EndGlobalSection
	GlobalSection(SolutionProperties) = preSolution
		HideSolutionNode = FALSE
	EndGlobalSection
	GlobalSection(ProjectConfigurationPlatforms) = postSolution
		{9FE46D00-2F72-4E92-9A1F-7AF8B464BAB3}.Debug|Any CPU.ActiveCfg = Debug|Any CPU
		{9FE46D00-2F72-4E92-9A1F-7AF8B464BAB3}.Debug|Any CPU.Build.0 = Debug|Any CPU
		{9FE46D00-2F72-4E92-9A1F-7AF8B464BAB3}.Debug|x64.ActiveCfg = Debug|Any CPU
		{9FE46D00-2F72-4E92-9A1F-7AF8B464BAB3}.Debug|x64.Build.0 = Debug|Any CPU
		{9FE46D00-2F72-4E92-9A1F-7AF8B464BAB3}.Debug|x86.ActiveCfg = Debug|Any CPU
		{9FE46D00-2F72-4E92-9A1F-7AF8B464BAB3}.Debug|x86.Build.0 = Debug|Any CPU
		{9FE46D00-2F72-4E92-9A1F-7AF8B464BAB3}.Release|Any CPU.ActiveCfg = Release|Any CPU
		{9FE46D00-2F72-4E92-9A1F-7AF8B464BAB3}.Release|Any CPU.Build.0 = Release|Any CPU
		{9FE46D00-2F72-4E92-9A1F-7AF8B464BAB3}.Release|x64.ActiveCfg = Release|Any CPU
		{9FE46D00-2F72-4E92-9A1F-7AF8B464BAB3}.Release|x64.Build.0 = Release|Any CPU
		{9FE46D00-2F72-4E92-9A1F-7AF8B464BAB3}.Release|x86.ActiveCfg = Release|Any CPU
		{9FE46D00-2F72-4E92-9A1F-7AF8B464BAB3}.Release|x86.Build.0 = Release|Any CPU
		{57ED4DA9-753D-4281-9B60-B1806EA5A1BD}.Debug|Any CPU.ActiveCfg = Debug|Any CPU
		{57ED4DA9-753D-4281-9B60-B1806EA5A1BD}.Debug|Any CPU.Build.0 = Debug|Any CPU
		{57ED4DA9-753D-4281-9B60-B1806EA5A1BD}.Debug|x64.ActiveCfg = Debug|Any CPU
		{57ED4DA9-753D-4281-9B60-B1806EA5A1BD}.Debug|x64.Build.0 = Debug|Any CPU
		{57ED4DA9-753D-4281-9B60-B1806EA5A1BD}.Debug|x86.ActiveCfg = Debug|Any CPU
		{57ED4DA9-753D-4281-9B60-B1806EA5A1BD}.Debug|x86.Build.0 = Debug|Any CPU
		{57ED4DA9-753D-4281-9B60-B1806EA5A1BD}.Release|Any CPU.ActiveCfg = Release|Any CPU
		{57ED4DA9-753D-4281-9B60-B1806EA5A1BD}.Release|Any CPU.Build.0 = Release|Any CPU
		{57ED4DA9-753D-4281-9B60-B1806EA5A1BD}.Release|x64.ActiveCfg = Release|Any CPU
		{57ED4DA9-753D-4281-9B60-B1806EA5A1BD}.Release|x64.Build.0 = Release|Any CPU
		{57ED4DA9-753D-4281-9B60-B1806EA5A1BD}.Release|x86.ActiveCfg = Release|Any CPU
		{57ED4DA9-753D-4281-9B60-B1806EA5A1BD}.Release|x86.Build.0 = Release|Any CPU
	EndGlobalSection
EndGlobal
